// !$*UTF8*$!
{
	archiveVersion = 1;
	classes = {
	};
	objectVersion = 56;
	objects = {

/* Begin PBXBuildFile section */
		1FCC27742B6E07DC00563259 /* Poke_VerseApp.swift in Sources */ = {isa = PBXBuildFile; fileRef = 1FCC27732B6E07DC00563259 /* Poke_VerseApp.swift */; };
		1FCC27762B6E07DC00563259 /* ContentView.swift in Sources */ = {isa = PBXBuildFile; fileRef = 1FCC27752B6E07DC00563259 /* ContentView.swift */; };
		1FCC27782B6E07DD00563259 /* Assets.xcassets in Resources */ = {isa = PBXBuildFile; fileRef = 1FCC27772B6E07DD00563259 /* Assets.xcassets */; };
		1FCC277B2B6E07DD00563259 /* Preview Assets.xcassets in Resources */ = {isa = PBXBuildFile; fileRef = 1FCC277A2B6E07DD00563259 /* Preview Assets.xcassets */; };
		1FCC27852B6E07DD00563259 /* Poke_VerseTests.swift in Sources */ = {isa = PBXBuildFile; fileRef = 1FCC27842B6E07DD00563259 /* Poke_VerseTests.swift */; };
		1FCC278F2B6E07DD00563259 /* Poke_VerseUITests.swift in Sources */ = {isa = PBXBuildFile; fileRef = 1FCC278E2B6E07DD00563259 /* Poke_VerseUITests.swift */; };
		1FCC27912B6E07DD00563259 /* Poke_VerseUITestsLaunchTests.swift in Sources */ = {isa = PBXBuildFile; fileRef = 1FCC27902B6E07DD00563259 /* Poke_VerseUITestsLaunchTests.swift */; };
/* End PBXBuildFile section */

/* Begin PBXContainerItemProxy section */
		1FCC27812B6E07DD00563259 /* PBXContainerItemProxy */ = {
			isa = PBXContainerItemProxy;
			containerPortal = 1FCC27682B6E07DC00563259 /* Project object */;
			proxyType = 1;
			remoteGlobalIDString = 1FCC276F2B6E07DC00563259;
			remoteInfo = "PokéVerse";
		};
		1FCC278B2B6E07DD00563259 /* PBXContainerItemProxy */ = {
			isa = PBXContainerItemProxy;
			containerPortal = 1FCC27682B6E07DC00563259 /* Project object */;
			proxyType = 1;
			remoteGlobalIDString = 1FCC276F2B6E07DC00563259;
			remoteInfo = "PokéVerse";
		};
/* End PBXContainerItemProxy section */

/* Begin PBXFileReference section */
		1FCC27702B6E07DC00563259 /* PokéVerse.app */ = {isa = PBXFileReference; explicitFileType = wrapper.application; includeInIndex = 0; path = "PokéVerse.app"; sourceTree = BUILT_PRODUCTS_DIR; };
		1FCC27732B6E07DC00563259 /* Poke_VerseApp.swift */ = {isa = PBXFileReference; lastKnownFileType = sourcecode.swift; path = Poke_VerseApp.swift; sourceTree = "<group>"; };
		1FCC27752B6E07DC00563259 /* ContentView.swift */ = {isa = PBXFileReference; lastKnownFileType = sourcecode.swift; path = ContentView.swift; sourceTree = "<group>"; };
		1FCC27772B6E07DD00563259 /* Assets.xcassets */ = {isa = PBXFileReference; lastKnownFileType = folder.assetcatalog; path = Assets.xcassets; sourceTree = "<group>"; };
		1FCC277A2B6E07DD00563259 /* Preview Assets.xcassets */ = {isa = PBXFileReference; lastKnownFileType = folder.assetcatalog; path = "Preview Assets.xcassets"; sourceTree = "<group>"; };
		1FCC27802B6E07DD00563259 /* PokéVerseTests.xctest */ = {isa = PBXFileReference; explicitFileType = wrapper.cfbundle; includeInIndex = 0; path = "PokéVerseTests.xctest"; sourceTree = BUILT_PRODUCTS_DIR; };
		1FCC27842B6E07DD00563259 /* Poke_VerseTests.swift */ = {isa = PBXFileReference; lastKnownFileType = sourcecode.swift; path = Poke_VerseTests.swift; sourceTree = "<group>"; };
		1FCC278A2B6E07DD00563259 /* PokéVerseUITests.xctest */ = {isa = PBXFileReference; explicitFileType = wrapper.cfbundle; includeInIndex = 0; path = "PokéVerseUITests.xctest"; sourceTree = BUILT_PRODUCTS_DIR; };
		1FCC278E2B6E07DD00563259 /* Poke_VerseUITests.swift */ = {isa = PBXFileReference; lastKnownFileType = sourcecode.swift; path = Poke_VerseUITests.swift; sourceTree = "<group>"; };
		1FCC27902B6E07DD00563259 /* Poke_VerseUITestsLaunchTests.swift */ = {isa = PBXFileReference; lastKnownFileType = sourcecode.swift; path = Poke_VerseUITestsLaunchTests.swift; sourceTree = "<group>"; };
/* End PBXFileReference section */

/* Begin PBXFrameworksBuildPhase section */
		1FCC276D2B6E07DC00563259 /* Frameworks */ = {
			isa = PBXFrameworksBuildPhase;
			buildActionMask = 2147483647;
			files = (
			);
			runOnlyForDeploymentPostprocessing = 0;
		};
		1FCC277D2B6E07DD00563259 /* Frameworks */ = {
			isa = PBXFrameworksBuildPhase;
			buildActionMask = 2147483647;
			files = (
			);
			runOnlyForDeploymentPostprocessing = 0;
		};
		1FCC27872B6E07DD00563259 /* Frameworks */ = {
			isa = PBXFrameworksBuildPhase;
			buildActionMask = 2147483647;
			files = (
			);
			runOnlyForDeploymentPostprocessing = 0;
		};
/* End PBXFrameworksBuildPhase section */

/* Begin PBXGroup section */
		1FCC27672B6E07DC00563259 = {
			isa = PBXGroup;
			children = (
				1FCC27722B6E07DC00563259 /* PokéVerse */,
				1FCC27832B6E07DD00563259 /* PokéVerseTests */,
				1FCC278D2B6E07DD00563259 /* PokéVerseUITests */,
				1FCC27712B6E07DC00563259 /* Products */,
			);
			sourceTree = "<group>";
		};
		1FCC27712B6E07DC00563259 /* Products */ = {
			isa = PBXGroup;
			children = (
				1FCC27702B6E07DC00563259 /* PokéVerse.app */,
				1FCC27802B6E07DD00563259 /* PokéVerseTests.xctest */,
				1FCC278A2B6E07DD00563259 /* PokéVerseUITests.xctest */,
			);
			name = Products;
			sourceTree = "<group>";
		};
		1FCC27722B6E07DC00563259 /* PokéVerse */ = {
			isa = PBXGroup;
			children = (
				1FCC27732B6E07DC00563259 /* Poke_VerseApp.swift */,
				1FCC27752B6E07DC00563259 /* ContentView.swift */,
				1FCC27772B6E07DD00563259 /* Assets.xcassets */,
				1FCC27792B6E07DD00563259 /* Preview Content */,
			);
			path = "PokéVerse";
			sourceTree = "<group>";
		};
		1FCC27792B6E07DD00563259 /* Preview Content */ = {
			isa = PBXGroup;
			children = (
				1FCC277A2B6E07DD00563259 /* Preview Assets.xcassets */,
			);
			path = "Preview Content";
			sourceTree = "<group>";
		};
		1FCC27832B6E07DD00563259 /* PokéVerseTests */ = {
			isa = PBXGroup;
			children = (
				1FCC27842B6E07DD00563259 /* Poke_VerseTests.swift */,
			);
			path = "PokéVerseTests";
			sourceTree = "<group>";
		};
		1FCC278D2B6E07DD00563259 /* PokéVerseUITests */ = {
			isa = PBXGroup;
			children = (
				1FCC278E2B6E07DD00563259 /* Poke_VerseUITests.swift */,
				1FCC27902B6E07DD00563259 /* Poke_VerseUITestsLaunchTests.swift */,
			);
			path = "PokéVerseUITests";
			sourceTree = "<group>";
		};
/* End PBXGroup section */

/* Begin PBXNativeTarget section */
		1FCC276F2B6E07DC00563259 /* PokéVerse */ = {
			isa = PBXNativeTarget;
			buildConfigurationList = 1FCC27942B6E07DD00563259 /* Build configuration list for PBXNativeTarget "PokéVerse" */;
			buildPhases = (
				1FCC276C2B6E07DC00563259 /* Sources */,
				1FCC276D2B6E07DC00563259 /* Frameworks */,
				1FCC276E2B6E07DC00563259 /* Resources */,
			);
			buildRules = (
			);
			dependencies = (
			);
			name = "PokéVerse";
			productName = "PokéVerse";
			productReference = 1FCC27702B6E07DC00563259 /* PokéVerse.app */;
			productType = "com.apple.product-type.application";
		};
		1FCC277F2B6E07DD00563259 /* PokéVerseTests */ = {
			isa = PBXNativeTarget;
			buildConfigurationList = 1FCC27972B6E07DD00563259 /* Build configuration list for PBXNativeTarget "PokéVerseTests" */;
			buildPhases = (
				1FCC277C2B6E07DD00563259 /* Sources */,
				1FCC277D2B6E07DD00563259 /* Frameworks */,
				1FCC277E2B6E07DD00563259 /* Resources */,
			);
			buildRules = (
			);
			dependencies = (
				1FCC27822B6E07DD00563259 /* PBXTargetDependency */,
			);
			name = "PokéVerseTests";
			productName = "PokéVerseTests";
			productReference = 1FCC27802B6E07DD00563259 /* PokéVerseTests.xctest */;
			productType = "com.apple.product-type.bundle.unit-test";
		};
		1FCC27892B6E07DD00563259 /* PokéVerseUITests */ = {
			isa = PBXNativeTarget;
			buildConfigurationList = 1FCC279A2B6E07DD00563259 /* Build configuration list for PBXNativeTarget "PokéVerseUITests" */;
			buildPhases = (
				1FCC27862B6E07DD00563259 /* Sources */,
				1FCC27872B6E07DD00563259 /* Frameworks */,
				1FCC27882B6E07DD00563259 /* Resources */,
			);
			buildRules = (
			);
			dependencies = (
				1FCC278C2B6E07DD00563259 /* PBXTargetDependency */,
			);
			name = "PokéVerseUITests";
			productName = "PokéVerseUITests";
			productReference = 1FCC278A2B6E07DD00563259 /* PokéVerseUITests.xctest */;
			productType = "com.apple.product-type.bundle.ui-testing";
		};
/* End PBXNativeTarget section */

/* Begin PBXProject section */
		1FCC27682B6E07DC00563259 /* Project object */ = {
			isa = PBXProject;
			attributes = {
				BuildIndependentTargetsInParallel = 1;
				LastSwiftUpdateCheck = 1520;
				LastUpgradeCheck = 1520;
				TargetAttributes = {
					1FCC276F2B6E07DC00563259 = {
						CreatedOnToolsVersion = 15.2;
					};
					1FCC277F2B6E07DD00563259 = {
						CreatedOnToolsVersion = 15.2;
						TestTargetID = 1FCC276F2B6E07DC00563259;
					};
					1FCC27892B6E07DD00563259 = {
						CreatedOnToolsVersion = 15.2;
						TestTargetID = 1FCC276F2B6E07DC00563259;
					};
				};
			};
			buildConfigurationList = 1FCC276B2B6E07DC00563259 /* Build configuration list for PBXProject "PokéVerse" */;
			compatibilityVersion = "Xcode 14.0";
			developmentRegion = en;
			hasScannedForEncodings = 0;
			knownRegions = (
				en,
				Base,
			);
			mainGroup = 1FCC27672B6E07DC00563259;
			productRefGroup = 1FCC27712B6E07DC00563259 /* Products */;
			projectDirPath = "";
			projectRoot = "";
			targets = (
				1FCC276F2B6E07DC00563259 /* PokéVerse */,
				1FCC277F2B6E07DD00563259 /* PokéVerseTests */,
				1FCC27892B6E07DD00563259 /* PokéVerseUITests */,
			);
		};
/* End PBXProject section */

/* Begin PBXResourcesBuildPhase section */
		1FCC276E2B6E07DC00563259 /* Resources */ = {
			isa = PBXResourcesBuildPhase;
			buildActionMask = 2147483647;
			files = (
				1FCC277B2B6E07DD00563259 /* Preview Assets.xcassets in Resources */,
				1FCC27782B6E07DD00563259 /* Assets.xcassets in Resources */,
			);
			runOnlyForDeploymentPostprocessing = 0;
		};
		1FCC277E2B6E07DD00563259 /* Resources */ = {
			isa = PBXResourcesBuildPhase;
			buildActionMask = 2147483647;
			files = (
			);
			runOnlyForDeploymentPostprocessing = 0;
		};
		1FCC27882B6E07DD00563259 /* Resources */ = {
			isa = PBXResourcesBuildPhase;
			buildActionMask = 2147483647;
			files = (
			);
			runOnlyForDeploymentPostprocessing = 0;
		};
/* End PBXResourcesBuildPhase section */

/* Begin PBXSourcesBuildPhase section */
		1FCC276C2B6E07DC00563259 /* Sources */ = {
			isa = PBXSourcesBuildPhase;
			buildActionMask = 2147483647;
			files = (
				1FCC27762B6E07DC00563259 /* ContentView.swift in Sources */,
				1FCC27742B6E07DC00563259 /* Poke_VerseApp.swift in Sources */,
			);
			runOnlyForDeploymentPostprocessing = 0;
		};
		1FCC277C2B6E07DD00563259 /* Sources */ = {
			isa = PBXSourcesBuildPhase;
			buildActionMask = 2147483647;
			files = (
				1FCC27852B6E07DD00563259 /* Poke_VerseTests.swift in Sources */,
			);
			runOnlyForDeploymentPostprocessing = 0;
		};
		1FCC27862B6E07DD00563259 /* Sources */ = {
			isa = PBXSourcesBuildPhase;
			buildActionMask = 2147483647;
			files = (
				1FCC278F2B6E07DD00563259 /* Poke_VerseUITests.swift in Sources */,
				1FCC27912B6E07DD00563259 /* Poke_VerseUITestsLaunchTests.swift in Sources */,
			);
			runOnlyForDeploymentPostprocessing = 0;
		};
/* End PBXSourcesBuildPhase section */

/* Begin PBXTargetDependency section */
		1FCC27822B6E07DD00563259 /* PBXTargetDependency */ = {
			isa = PBXTargetDependency;
			target = 1FCC276F2B6E07DC00563259 /* PokéVerse */;
			targetProxy = 1FCC27812B6E07DD00563259 /* PBXContainerItemProxy */;
		};
		1FCC278C2B6E07DD00563259 /* PBXTargetDependency */ = {
			isa = PBXTargetDependency;
			target = 1FCC276F2B6E07DC00563259 /* PokéVerse */;
			targetProxy = 1FCC278B2B6E07DD00563259 /* PBXContainerItemProxy */;
		};
/* End PBXTargetDependency section */

/* Begin XCBuildConfiguration section */
		1FCC27922B6E07DD00563259 /* Debug */ = {
			isa = XCBuildConfiguration;
			buildSettings = {
				ALWAYS_SEARCH_USER_PATHS = NO;
				ASSETCATALOG_COMPILER_GENERATE_SWIFT_ASSET_SYMBOL_EXTENSIONS = YES;
				CLANG_ANALYZER_NONNULL = YES;
				CLANG_ANALYZER_NUMBER_OBJECT_CONVERSION = YES_AGGRESSIVE;
				CLANG_CXX_LANGUAGE_STANDARD = "gnu++20";
				CLANG_ENABLE_MODULES = YES;
				CLANG_ENABLE_OBJC_ARC = YES;
				CLANG_ENABLE_OBJC_WEAK = YES;
				CLANG_WARN_BLOCK_CAPTURE_AUTORELEASING = YES;
				CLANG_WARN_BOOL_CONVERSION = YES;
				CLANG_WARN_COMMA = YES;
				CLANG_WARN_CONSTANT_CONVERSION = YES;
				CLANG_WARN_DEPRECATED_OBJC_IMPLEMENTATIONS = YES;
				CLANG_WARN_DIRECT_OBJC_ISA_USAGE = YES_ERROR;
				CLANG_WARN_DOCUMENTATION_COMMENTS = YES;
				CLANG_WARN_EMPTY_BODY = YES;
				CLANG_WARN_ENUM_CONVERSION = YES;
				CLANG_WARN_INFINITE_RECURSION = YES;
				CLANG_WARN_INT_CONVERSION = YES;
				CLANG_WARN_NON_LITERAL_NULL_CONVERSION = YES;
				CLANG_WARN_OBJC_IMPLICIT_RETAIN_SELF = YES;
				CLANG_WARN_OBJC_LITERAL_CONVERSION = YES;
				CLANG_WARN_OBJC_ROOT_CLASS = YES_ERROR;
				CLANG_WARN_QUOTED_INCLUDE_IN_FRAMEWORK_HEADER = YES;
				CLANG_WARN_RANGE_LOOP_ANALYSIS = YES;
				CLANG_WARN_STRICT_PROTOTYPES = YES;
				CLANG_WARN_SUSPICIOUS_MOVE = YES;
				CLANG_WARN_UNGUARDED_AVAILABILITY = YES_AGGRESSIVE;
				CLANG_WARN_UNREACHABLE_CODE = YES;
				CLANG_WARN__DUPLICATE_METHOD_MATCH = YES;
				COPY_PHASE_STRIP = NO;
				DEBUG_INFORMATION_FORMAT = dwarf;
				ENABLE_STRICT_OBJC_MSGSEND = YES;
				ENABLE_TESTABILITY = YES;
				ENABLE_USER_SCRIPT_SANDBOXING = YES;
				GCC_C_LANGUAGE_STANDARD = gnu17;
				GCC_DYNAMIC_NO_PIC = NO;
				GCC_NO_COMMON_BLOCKS = YES;
				GCC_OPTIMIZATION_LEVEL = 0;
				GCC_PREPROCESSOR_DEFINITIONS = (
					"DEBUG=1",
					"$(inherited)",
				);
				GCC_WARN_64_TO_32_BIT_CONVERSION = YES;
				GCC_WARN_ABOUT_RETURN_TYPE = YES_ERROR;
				GCC_WARN_UNDECLARED_SELECTOR = YES;
				GCC_WARN_UNINITIALIZED_AUTOS = YES_AGGRESSIVE;
				GCC_WARN_UNUSED_FUNCTION = YES;
				GCC_WARN_UNUSED_VARIABLE = YES;
				IPHONEOS_DEPLOYMENT_TARGET = 17.2;
				LOCALIZATION_PREFERS_STRING_CATALOGS = YES;
				MTL_ENABLE_DEBUG_INFO = INCLUDE_SOURCE;
				MTL_FAST_MATH = YES;
				ONLY_ACTIVE_ARCH = YES;
				SDKROOT = iphoneos;
				SWIFT_ACTIVE_COMPILATION_CONDITIONS = "DEBUG $(inherited)";
				SWIFT_OPTIMIZATION_LEVEL = "-Onone";
			};
			name = Debug;
		};
		1FCC27932B6E07DD00563259 /* Release */ = {
			isa = XCBuildConfiguration;
			buildSettings = {
				ALWAYS_SEARCH_USER_PATHS = NO;
				ASSETCATALOG_COMPILER_GENERATE_SWIFT_ASSET_SYMBOL_EXTENSIONS = YES;
				CLANG_ANALYZER_NONNULL = YES;
				CLANG_ANALYZER_NUMBER_OBJECT_CONVERSION = YES_AGGRESSIVE;
				CLANG_CXX_LANGUAGE_STANDARD = "gnu++20";
				CLANG_ENABLE_MODULES = YES;
				CLANG_ENABLE_OBJC_ARC = YES;
				CLANG_ENABLE_OBJC_WEAK = YES;
				CLANG_WARN_BLOCK_CAPTURE_AUTORELEASING = YES;
				CLANG_WARN_BOOL_CONVERSION = YES;
				CLANG_WARN_COMMA = YES;
				CLANG_WARN_CONSTANT_CONVERSION = YES;
				CLANG_WARN_DEPRECATED_OBJC_IMPLEMENTATIONS = YES;
				CLANG_WARN_DIRECT_OBJC_ISA_USAGE = YES_ERROR;
				CLANG_WARN_DOCUMENTATION_COMMENTS = YES;
				CLANG_WARN_EMPTY_BODY = YES;
				CLANG_WARN_ENUM_CONVERSION = YES;
				CLANG_WARN_INFINITE_RECURSION = YES;
				CLANG_WARN_INT_CONVERSION = YES;
				CLANG_WARN_NON_LITERAL_NULL_CONVERSION = YES;
				CLANG_WARN_OBJC_IMPLICIT_RETAIN_SELF = YES;
				CLANG_WARN_OBJC_LITERAL_CONVERSION = YES;
				CLANG_WARN_OBJC_ROOT_CLASS = YES_ERROR;
				CLANG_WARN_QUOTED_INCLUDE_IN_FRAMEWORK_HEADER = YES;
				CLANG_WARN_RANGE_LOOP_ANALYSIS = YES;
				CLANG_WARN_STRICT_PROTOTYPES = YES;
				CLANG_WARN_SUSPICIOUS_MOVE = YES;
				CLANG_WARN_UNGUARDED_AVAILABILITY = YES_AGGRESSIVE;
				CLANG_WARN_UNREACHABLE_CODE = YES;
				CLANG_WARN__DUPLICATE_METHOD_MATCH = YES;
				COPY_PHASE_STRIP = NO;
				DEBUG_INFORMATION_FORMAT = "dwarf-with-dsym";
				ENABLE_NS_ASSERTIONS = NO;
				ENABLE_STRICT_OBJC_MSGSEND = YES;
				ENABLE_USER_SCRIPT_SANDBOXING = YES;
				GCC_C_LANGUAGE_STANDARD = gnu17;
				GCC_NO_COMMON_BLOCKS = YES;
				GCC_WARN_64_TO_32_BIT_CONVERSION = YES;
				GCC_WARN_ABOUT_RETURN_TYPE = YES_ERROR;
				GCC_WARN_UNDECLARED_SELECTOR = YES;
				GCC_WARN_UNINITIALIZED_AUTOS = YES_AGGRESSIVE;
				GCC_WARN_UNUSED_FUNCTION = YES;
				GCC_WARN_UNUSED_VARIABLE = YES;
				IPHONEOS_DEPLOYMENT_TARGET = 17.2;
				LOCALIZATION_PREFERS_STRING_CATALOGS = YES;
				MTL_ENABLE_DEBUG_INFO = NO;
				MTL_FAST_MATH = YES;
				SDKROOT = iphoneos;
				SWIFT_COMPILATION_MODE = wholemodule;
				VALIDATE_PRODUCT = YES;
			};
			name = Release;
		};
		1FCC27952B6E07DD00563259 /* Debug */ = {
			isa = XCBuildConfiguration;
			buildSettings = {
				ASSETCATALOG_COMPILER_APPICON_NAME = AppIcon;
				ASSETCATALOG_COMPILER_GLOBAL_ACCENT_COLOR_NAME = AccentColor;
				CODE_SIGN_STYLE = Automatic;
				CURRENT_PROJECT_VERSION = 1;
				DEVELOPMENT_ASSET_PATHS = "\"PokéVerse/Preview Content\"";
				DEVELOPMENT_TEAM = 2DRKE36XAK;
				ENABLE_PREVIEWS = YES;
				GENERATE_INFOPLIST_FILE = YES;
				INFOPLIST_KEY_UIApplicationSceneManifest_Generation = YES;
				INFOPLIST_KEY_UIApplicationSupportsIndirectInputEvents = YES;
				INFOPLIST_KEY_UILaunchScreen_Generation = YES;
				INFOPLIST_KEY_UISupportedInterfaceOrientations_iPad = "UIInterfaceOrientationPortrait UIInterfaceOrientationPortraitUpsideDown UIInterfaceOrientationLandscapeLeft UIInterfaceOrientationLandscapeRight";
				INFOPLIST_KEY_UISupportedInterfaceOrientations_iPhone = "UIInterfaceOrientationPortrait UIInterfaceOrientationLandscapeLeft UIInterfaceOrientationLandscapeRight";
				LD_RUNPATH_SEARCH_PATHS = (
					"$(inherited)",
					"@executable_path/Frameworks",
				);
				MARKETING_VERSION = 1.0;
				PRODUCT_BUNDLE_IDENTIFIER = "IntelMinds.Poke-Verse";
				PRODUCT_NAME = "$(TARGET_NAME)";
				SWIFT_EMIT_LOC_STRINGS = YES;
				SWIFT_VERSION = 5.0;
				TARGETED_DEVICE_FAMILY = "1,2";
			};
			name = Debug;
		};
		1FCC27962B6E07DD00563259 /* Release */ = {
			isa = XCBuildConfiguration;
			buildSettings = {
				ASSETCATALOG_COMPILER_APPICON_NAME = AppIcon;
				ASSETCATALOG_COMPILER_GLOBAL_ACCENT_COLOR_NAME = AccentColor;
				CODE_SIGN_STYLE = Automatic;
				CURRENT_PROJECT_VERSION = 1;
				DEVELOPMENT_ASSET_PATHS = "\"PokéVerse/Preview Content\"";
				DEVELOPMENT_TEAM = 2DRKE36XAK;
				ENABLE_PREVIEWS = YES;
				GENERATE_INFOPLIST_FILE = YES;
				INFOPLIST_KEY_UIApplicationSceneManifest_Generation = YES;
				INFOPLIST_KEY_UIApplicationSupportsIndirectInputEvents = YES;
				INFOPLIST_KEY_UILaunchScreen_Generation = YES;
				INFOPLIST_KEY_UISupportedInterfaceOrientations_iPad = "UIInterfaceOrientationPortrait UIInterfaceOrientationPortraitUpsideDown UIInterfaceOrientationLandscapeLeft UIInterfaceOrientationLandscapeRight";
				INFOPLIST_KEY_UISupportedInterfaceOrientations_iPhone = "UIInterfaceOrientationPortrait UIInterfaceOrientationLandscapeLeft UIInterfaceOrientationLandscapeRight";
				LD_RUNPATH_SEARCH_PATHS = (
					"$(inherited)",
					"@executable_path/Frameworks",
				);
				MARKETING_VERSION = 1.0;
				PRODUCT_BUNDLE_IDENTIFIER = "IntelMinds.Poke-Verse";
				PRODUCT_NAME = "$(TARGET_NAME)";
				SWIFT_EMIT_LOC_STRINGS = YES;
				SWIFT_VERSION = 5.0;
				TARGETED_DEVICE_FAMILY = "1,2";
			};
			name = Release;
		};
		1FCC27982B6E07DD00563259 /* Debug */ = {
			isa = XCBuildConfiguration;
			buildSettings = {
				ALWAYS_EMBED_SWIFT_STANDARD_LIBRARIES = YES;
				BUNDLE_LOADER = "$(TEST_HOST)";
				CODE_SIGN_STYLE = Automatic;
				CURRENT_PROJECT_VERSION = 1;
				DEVELOPMENT_TEAM = 2DRKE36XAK;
				GENERATE_INFOPLIST_FILE = YES;
				IPHONEOS_DEPLOYMENT_TARGET = 17.2;
				MARKETING_VERSION = 1.0;
				PRODUCT_BUNDLE_IDENTIFIER = "IntelMinds.Poke-VerseTests";
				PRODUCT_NAME = "$(TARGET_NAME)";
				SWIFT_EMIT_LOC_STRINGS = NO;
				SWIFT_VERSION = 5.0;
				TARGETED_DEVICE_FAMILY = "1,2";
				TEST_HOST = "$(BUILT_PRODUCTS_DIR)/PokéVerse.app/$(BUNDLE_EXECUTABLE_FOLDER_PATH)/PokéVerse";
			};
			name = Debug;
		};
		1FCC27992B6E07DD00563259 /* Release */ = {
			isa = XCBuildConfiguration;
			buildSettings = {
				ALWAYS_EMBED_SWIFT_STANDARD_LIBRARIES = YES;
				BUNDLE_LOADER = "$(TEST_HOST)";
				CODE_SIGN_STYLE = Automatic;
				CURRENT_PROJECT_VERSION = 1;
				DEVELOPMENT_TEAM = 2DRKE36XAK;
				GENERATE_INFOPLIST_FILE = YES;
				IPHONEOS_DEPLOYMENT_TARGET = 17.2;
				MARKETING_VERSION = 1.0;
				PRODUCT_BUNDLE_IDENTIFIER = "IntelMinds.Poke-VerseTests";
				PRODUCT_NAME = "$(TARGET_NAME)";
				SWIFT_EMIT_LOC_STRINGS = NO;
				SWIFT_VERSION = 5.0;
				TARGETED_DEVICE_FAMILY = "1,2";
				TEST_HOST = "$(BUILT_PRODUCTS_DIR)/PokéVerse.app/$(BUNDLE_EXECUTABLE_FOLDER_PATH)/PokéVerse";
			};
			name = Release;
		};
		1FCC279B2B6E07DD00563259 /* Debug */ = {
			isa = XCBuildConfiguration;
			buildSettings = {
				ALWAYS_EMBED_SWIFT_STANDARD_LIBRARIES = YES;
				CODE_SIGN_STYLE = Automatic;
				CURRENT_PROJECT_VERSION = 1;
				DEVELOPMENT_TEAM = 2DRKE36XAK;
				GENERATE_INFOPLIST_FILE = YES;
				MARKETING_VERSION = 1.0;
				PRODUCT_BUNDLE_IDENTIFIER = "IntelMinds.Poke-VerseUITests";
				PRODUCT_NAME = "$(TARGET_NAME)";
				SWIFT_EMIT_LOC_STRINGS = NO;
				SWIFT_VERSION = 5.0;
				TARGETED_DEVICE_FAMILY = "1,2";
				TEST_TARGET_NAME = "PokéVerse";
			};
			name = Debug;
		};
		1FCC279C2B6E07DD00563259 /* Release */ = {
			isa = XCBuildConfiguration;
			buildSettings = {
				ALWAYS_EMBED_SWIFT_STANDARD_LIBRARIES = YES;
				CODE_SIGN_STYLE = Automatic;
				CURRENT_PROJECT_VERSION = 1;
				DEVELOPMENT_TEAM = 2DRKE36XAK;
				GENERATE_INFOPLIST_FILE = YES;
				MARKETING_VERSION = 1.0;
				PRODUCT_BUNDLE_IDENTIFIER = "IntelMinds.Poke-VerseUITests";
				PRODUCT_NAME = "$(TARGET_NAME)";
				SWIFT_EMIT_LOC_STRINGS = NO;
				SWIFT_VERSION = 5.0;
				TARGETED_DEVICE_FAMILY = "1,2";
				TEST_TARGET_NAME = "PokéVerse";
			};
			name = Release;
		};
/* End XCBuildConfiguration section */

/* Begin XCConfigurationList section */
		1FCC276B2B6E07DC00563259 /* Build configuration list for PBXProject "PokéVerse" */ = {
			isa = XCConfigurationList;
			buildConfigurations = (
				1FCC27922B6E07DD00563259 /* Debug */,
				1FCC27932B6E07DD00563259 /* Release */,
			);
			defaultConfigurationIsVisible = 0;
			defaultConfigurationName = Release;
		};
		1FCC27942B6E07DD00563259 /* Build configuration list for PBXNativeTarget "PokéVerse" */ = {
			isa = XCConfigurationList;
			buildConfigurations = (
				1FCC27952B6E07DD00563259 /* Debug */,
				1FCC27962B6E07DD00563259 /* Release */,
			);
			defaultConfigurationIsVisible = 0;
			defaultConfigurationName = Release;
		};
		1FCC27972B6E07DD00563259 /* Build configuration list for PBXNativeTarget "PokéVerseTests" */ = {
			isa = XCConfigurationList;
			buildConfigurations = (
				1FCC27982B6E07DD00563259 /* Debug */,
				1FCC27992B6E07DD00563259 /* Release */,
			);
			defaultConfigurationIsVisible = 0;
			defaultConfigurationName = Release;
		};
		1FCC279A2B6E07DD00563259 /* Build configuration list for PBXNativeTarget "PokéVerseUITests" */ = {
			isa = XCConfigurationList;
			buildConfigurations = (
				1FCC279B2B6E07DD00563259 /* Debug */,
				1FCC279C2B6E07DD00563259 /* Release */,
			);
			defaultConfigurationIsVisible = 0;
			defaultConfigurationName = Release;
		};
/* End XCConfigurationList section */
	};
	rootObject = 1FCC27682B6E07DC00563259 /* Project object */;
}
