// !$*UTF8*$!
{
	archiveVersion = 1;
	classes = {
	};
	objectVersion = 56;
	objects = {

/* Begin PBXBuildFile section */
		1F1C0BB12B6FA0E40057E392 /* PokiVerseTests.swift in Sources */ = {isa = PBXBuildFile; fileRef = 1F1C0BB02B6FA0E40057E392 /* PokiVerseTests.swift */; };
		1FB979842B6F87EE00319C07 /* ColorUtil.swift in Sources */ = {isa = PBXBuildFile; fileRef = 1FB979832B6F87EE00319C07 /* ColorUtil.swift */; };
		1FB979872B6F886A00319C07 /* Colors.xcassets in Resources */ = {isa = PBXBuildFile; fileRef = 1FB979862B6F886A00319C07 /* Colors.xcassets */; };
		1FCC27742B6E07DC00563259 /* Poke_VerseApp.swift in Sources */ = {isa = PBXBuildFile; fileRef = 1FCC27732B6E07DC00563259 /* Poke_VerseApp.swift */; };
		1FCC27762B6E07DC00563259 /* ContentView.swift in Sources */ = {isa = PBXBuildFile; fileRef = 1FCC27752B6E07DC00563259 /* ContentView.swift */; };
		1FCC27782B6E07DD00563259 /* Assets.xcassets in Resources */ = {isa = PBXBuildFile; fileRef = 1FCC27772B6E07DD00563259 /* Assets.xcassets */; };
		1FCC277B2B6E07DD00563259 /* Preview Assets.xcassets in Resources */ = {isa = PBXBuildFile; fileRef = 1FCC277A2B6E07DD00563259 /* Preview Assets.xcassets */; };
		1FCC27AA2B6E0E9500563259 /* PokemonResults.swift in Sources */ = {isa = PBXBuildFile; fileRef = 1FCC27A92B6E0E9500563259 /* PokemonResults.swift */; };
		1FCC27AC2B6E0EC400563259 /* Pokemon.swift in Sources */ = {isa = PBXBuildFile; fileRef = 1FCC27AB2B6E0EC400563259 /* Pokemon.swift */; };
		1FCC27AE2B6E0F6700563259 /* PokemonDetail.swift in Sources */ = {isa = PBXBuildFile; fileRef = 1FCC27AD2B6E0F6700563259 /* PokemonDetail.swift */; };
		1FCC27B32B6E115E00563259 /* HomeViewModel.swift in Sources */ = {isa = PBXBuildFile; fileRef = 1FCC27B22B6E115E00563259 /* HomeViewModel.swift */; };
		1FCC27BC2B6E15CA00563259 /* PokemonDetailView.swift in Sources */ = {isa = PBXBuildFile; fileRef = 1FCC27BB2B6E15CA00563259 /* PokemonDetailView.swift */; };
		1FCC27BF2B6E177200563259 /* PokemonImageView.swift in Sources */ = {isa = PBXBuildFile; fileRef = 1FCC27BE2B6E177200563259 /* PokemonImageView.swift */; };
		1FCC27C32B6E1EF300563259 /* DetailViewModel.swift in Sources */ = {isa = PBXBuildFile; fileRef = 1FCC27C22B6E1EF300563259 /* DetailViewModel.swift */; };
		1FCC27C62B6E267500563259 /* LinkUtils.swift in Sources */ = {isa = PBXBuildFile; fileRef = 1FCC27C52B6E267500563259 /* LinkUtils.swift */; };
		1FCC27C92B6E3B8000563259 /* NetworkService.swift in Sources */ = {isa = PBXBuildFile; fileRef = 1FCC27C82B6E3B8000563259 /* NetworkService.swift */; };
		1FCC27CC2B6E3D5900563259 /* PokeRepository.swift in Sources */ = {isa = PBXBuildFile; fileRef = 1FCC27CB2B6E3D5900563259 /* PokeRepository.swift */; };
		1FCC27CE2B6E531700563259 /* PokeNetworkConstants.swift in Sources */ = {isa = PBXBuildFile; fileRef = 1FCC27CD2B6E531700563259 /* PokeNetworkConstants.swift */; };
		1FCC27D02B6E540F00563259 /* UrlBuilderUtil.swift in Sources */ = {isa = PBXBuildFile; fileRef = 1FCC27CF2B6E540F00563259 /* UrlBuilderUtil.swift */; };
		1FCC27D22B6E612B00563259 /* ImageExtension.swift in Sources */ = {isa = PBXBuildFile; fileRef = 1FCC27D12B6E612B00563259 /* ImageExtension.swift */; };
		1FCC27D42B6E64D400563259 /* MeasurementsUtil.swift in Sources */ = {isa = PBXBuildFile; fileRef = 1FCC27D32B6E64D400563259 /* MeasurementsUtil.swift */; };
		1FCC27D82B6E72A500563259 /* StatView.swift in Sources */ = {isa = PBXBuildFile; fileRef = 1FCC27D72B6E72A500563259 /* StatView.swift */; };
/* End PBXBuildFile section */

/* Begin PBXContainerItemProxy section */
		1F1C0BB22B6FA0E40057E392 /* PBXContainerItemProxy */ = {
			isa = PBXContainerItemProxy;
			containerPortal = 1FCC27682B6E07DC00563259 /* Project object */;
			proxyType = 1;
			remoteGlobalIDString = 1FCC276F2B6E07DC00563259;
			remoteInfo = "PokéVerse";
		};
/* End PBXContainerItemProxy section */

/* Begin PBXFileReference section */
		1F1C0BAE2B6FA0E40057E392 /* PokiVerseTests.xctest */ = {isa = PBXFileReference; explicitFileType = wrapper.cfbundle; includeInIndex = 0; path = PokiVerseTests.xctest; sourceTree = BUILT_PRODUCTS_DIR; };
		1F1C0BB02B6FA0E40057E392 /* PokiVerseTests.swift */ = {isa = PBXFileReference; lastKnownFileType = sourcecode.swift; path = PokiVerseTests.swift; sourceTree = "<group>"; };
		1FB979832B6F87EE00319C07 /* ColorUtil.swift */ = {isa = PBXFileReference; lastKnownFileType = sourcecode.swift; path = ColorUtil.swift; sourceTree = "<group>"; };
		1FB979862B6F886A00319C07 /* Colors.xcassets */ = {isa = PBXFileReference; lastKnownFileType = folder.assetcatalog; path = Colors.xcassets; sourceTree = "<group>"; };
		1FCC27702B6E07DC00563259 /* PokiVerse.app */ = {isa = PBXFileReference; explicitFileType = wrapper.application; includeInIndex = 0; path = PokiVerse.app; sourceTree = BUILT_PRODUCTS_DIR; };
		1FCC27732B6E07DC00563259 /* Poke_VerseApp.swift */ = {isa = PBXFileReference; lastKnownFileType = sourcecode.swift; path = Poke_VerseApp.swift; sourceTree = "<group>"; };
		1FCC27752B6E07DC00563259 /* ContentView.swift */ = {isa = PBXFileReference; lastKnownFileType = sourcecode.swift; path = ContentView.swift; sourceTree = "<group>"; };
		1FCC27772B6E07DD00563259 /* Assets.xcassets */ = {isa = PBXFileReference; lastKnownFileType = folder.assetcatalog; path = Assets.xcassets; sourceTree = "<group>"; };
		1FCC277A2B6E07DD00563259 /* Preview Assets.xcassets */ = {isa = PBXFileReference; lastKnownFileType = folder.assetcatalog; path = "Preview Assets.xcassets"; sourceTree = "<group>"; };
		1FCC27A92B6E0E9500563259 /* PokemonResults.swift */ = {isa = PBXFileReference; lastKnownFileType = sourcecode.swift; path = PokemonResults.swift; sourceTree = "<group>"; };
		1FCC27AB2B6E0EC400563259 /* Pokemon.swift */ = {isa = PBXFileReference; lastKnownFileType = sourcecode.swift; path = Pokemon.swift; sourceTree = "<group>"; };
		1FCC27AD2B6E0F6700563259 /* PokemonDetail.swift */ = {isa = PBXFileReference; lastKnownFileType = sourcecode.swift; path = PokemonDetail.swift; sourceTree = "<group>"; };
		1FCC27B22B6E115E00563259 /* HomeViewModel.swift */ = {isa = PBXFileReference; lastKnownFileType = sourcecode.swift; path = HomeViewModel.swift; sourceTree = "<group>"; };
		1FCC27BB2B6E15CA00563259 /* PokemonDetailView.swift */ = {isa = PBXFileReference; lastKnownFileType = sourcecode.swift; path = PokemonDetailView.swift; sourceTree = "<group>"; };
		1FCC27BE2B6E177200563259 /* PokemonImageView.swift */ = {isa = PBXFileReference; lastKnownFileType = sourcecode.swift; path = PokemonImageView.swift; sourceTree = "<group>"; };
		1FCC27C22B6E1EF300563259 /* DetailViewModel.swift */ = {isa = PBXFileReference; lastKnownFileType = sourcecode.swift; path = DetailViewModel.swift; sourceTree = "<group>"; };
		1FCC27C52B6E267500563259 /* LinkUtils.swift */ = {isa = PBXFileReference; lastKnownFileType = sourcecode.swift; path = LinkUtils.swift; sourceTree = "<group>"; };
		1FCC27C82B6E3B8000563259 /* NetworkService.swift */ = {isa = PBXFileReference; lastKnownFileType = sourcecode.swift; path = NetworkService.swift; sourceTree = "<group>"; };
		1FCC27CB2B6E3D5900563259 /* PokeRepository.swift */ = {isa = PBXFileReference; lastKnownFileType = sourcecode.swift; path = PokeRepository.swift; sourceTree = "<group>"; };
		1FCC27CD2B6E531700563259 /* PokeNetworkConstants.swift */ = {isa = PBXFileReference; lastKnownFileType = sourcecode.swift; path = PokeNetworkConstants.swift; sourceTree = "<group>"; };
		1FCC27CF2B6E540F00563259 /* UrlBuilderUtil.swift */ = {isa = PBXFileReference; lastKnownFileType = sourcecode.swift; path = UrlBuilderUtil.swift; sourceTree = "<group>"; };
		1FCC27D12B6E612B00563259 /* ImageExtension.swift */ = {isa = PBXFileReference; lastKnownFileType = sourcecode.swift; path = ImageExtension.swift; sourceTree = "<group>"; };
		1FCC27D32B6E64D400563259 /* MeasurementsUtil.swift */ = {isa = PBXFileReference; lastKnownFileType = sourcecode.swift; path = MeasurementsUtil.swift; sourceTree = "<group>"; };
		1FCC27D72B6E72A500563259 /* StatView.swift */ = {isa = PBXFileReference; lastKnownFileType = sourcecode.swift; path = StatView.swift; sourceTree = "<group>"; };
/* End PBXFileReference section */

/* Begin PBXFrameworksBuildPhase section */
		1F1C0BAB2B6FA0E40057E392 /* Frameworks */ = {
			isa = PBXFrameworksBuildPhase;
			buildActionMask = 2147483647;
			files = (
			);
			runOnlyForDeploymentPostprocessing = 0;
		};
		1FCC276D2B6E07DC00563259 /* Frameworks */ = {
			isa = PBXFrameworksBuildPhase;
			buildActionMask = 2147483647;
			files = (
			);
			runOnlyForDeploymentPostprocessing = 0;
		};
/* End PBXFrameworksBuildPhase section */

/* Begin PBXGroup section */
		1F1C0BAF2B6FA0E40057E392 /* PokiVerseTests */ = {
			isa = PBXGroup;
			children = (
				1F1C0BB02B6FA0E40057E392 /* PokiVerseTests.swift */,
			);
			path = PokiVerseTests;
			sourceTree = "<group>";
		};
		1FCC27672B6E07DC00563259 = {
			isa = PBXGroup;
			children = (
				1FCC27722B6E07DC00563259 /* PokéVerse */,
				1F1C0BAF2B6FA0E40057E392 /* PokiVerseTests */,
				1FCC27712B6E07DC00563259 /* Products */,
			);
			sourceTree = "<group>";
		};
		1FCC27712B6E07DC00563259 /* Products */ = {
			isa = PBXGroup;
			children = (
				1FCC27702B6E07DC00563259 /* PokiVerse.app */,
				1F1C0BAE2B6FA0E40057E392 /* PokiVerseTests.xctest */,
			);
			name = Products;
			sourceTree = "<group>";
		};
		1FCC27722B6E07DC00563259 /* PokéVerse */ = {
			isa = PBXGroup;
			children = (
				1FCC279E2B6E08BA00563259 /* Resources */,
				1FCC279D2B6E088C00563259 /* Application */,
				1FCC27732B6E07DC00563259 /* Poke_VerseApp.swift */,
				1FCC27792B6E07DD00563259 /* Preview Content */,
			);
			path = "PokéVerse";
			sourceTree = "<group>";
		};
		1FCC27792B6E07DD00563259 /* Preview Content */ = {
			isa = PBXGroup;
			children = (
				1FCC277A2B6E07DD00563259 /* Preview Assets.xcassets */,
			);
			path = "Preview Content";
			sourceTree = "<group>";
		};
		1FCC279D2B6E088C00563259 /* Application */ = {
			isa = PBXGroup;
			children = (
				1FCC27CA2B6E3D4000563259 /* Repository */,
				1FCC27C72B6E3B6A00563259 /* Network */,
				1FCC27C42B6E265F00563259 /* Utility */,
				1FCC27BD2B6E175700563259 /* SharedViews */,
				1FCC279F2B6E090500563259 /* Scene */,
			);
			path = Application;
			sourceTree = "<group>";
		};
		1FCC279E2B6E08BA00563259 /* Resources */ = {
			isa = PBXGroup;
			children = (
				1FCC27772B6E07DD00563259 /* Assets.xcassets */,
				1FB979862B6F886A00319C07 /* Colors.xcassets */,
			);
			path = Resources;
			sourceTree = "<group>";
		};
		1FCC279F2B6E090500563259 /* Scene */ = {
			isa = PBXGroup;
			children = (
				1FCC27B92B6E159E00563259 /* PokeDetail */,
				1FCC27A02B6E090F00563259 /* Home */,
			);
			path = Scene;
			sourceTree = "<group>";
		};
		1FCC27A02B6E090F00563259 /* Home */ = {
			isa = PBXGroup;
			children = (
				1FCC27B82B6E150800563259 /* ViewModel */,
				1FCC27B72B6E150200563259 /* Models */,
				1FCC27B62B6E14FD00563259 /* Views */,
			);
			path = Home;
			sourceTree = "<group>";
		};
		1FCC27B62B6E14FD00563259 /* Views */ = {
			isa = PBXGroup;
			children = (
				1FCC27752B6E07DC00563259 /* ContentView.swift */,
			);
			path = Views;
			sourceTree = "<group>";
		};
		1FCC27B72B6E150200563259 /* Models */ = {
			isa = PBXGroup;
			children = (
				1FCC27AB2B6E0EC400563259 /* Pokemon.swift */,
				1FCC27A92B6E0E9500563259 /* PokemonResults.swift */,
			);
			path = Models;
			sourceTree = "<group>";
		};
		1FCC27B82B6E150800563259 /* ViewModel */ = {
			isa = PBXGroup;
			children = (
				1FCC27B22B6E115E00563259 /* HomeViewModel.swift */,
			);
			path = ViewModel;
			sourceTree = "<group>";
		};
		1FCC27B92B6E159E00563259 /* PokeDetail */ = {
			isa = PBXGroup;
			children = (
				1FCC27C12B6E1E9A00563259 /* Models */,
				1FCC27C02B6E1E9000563259 /* ViewModel */,
				1FCC27BA2B6E15AA00563259 /* Views */,
			);
			path = PokeDetail;
			sourceTree = "<group>";
		};
		1FCC27BA2B6E15AA00563259 /* Views */ = {
			isa = PBXGroup;
			children = (
				1FCC27BB2B6E15CA00563259 /* PokemonDetailView.swift */,
			);
			path = Views;
			sourceTree = "<group>";
		};
		1FCC27BD2B6E175700563259 /* SharedViews */ = {
			isa = PBXGroup;
			children = (
				1FCC27BE2B6E177200563259 /* PokemonImageView.swift */,
				1FCC27D72B6E72A500563259 /* StatView.swift */,
			);
			path = SharedViews;
			sourceTree = "<group>";
		};
		1FCC27C02B6E1E9000563259 /* ViewModel */ = {
			isa = PBXGroup;
			children = (
				1FCC27C22B6E1EF300563259 /* DetailViewModel.swift */,
			);
			path = ViewModel;
			sourceTree = "<group>";
		};
		1FCC27C12B6E1E9A00563259 /* Models */ = {
			isa = PBXGroup;
			children = (
				1FCC27AD2B6E0F6700563259 /* PokemonDetail.swift */,
			);
			path = Models;
			sourceTree = "<group>";
		};
		1FCC27C42B6E265F00563259 /* Utility */ = {
			isa = PBXGroup;
			children = (
				1FCC27CD2B6E531700563259 /* PokeNetworkConstants.swift */,
				1FCC27C52B6E267500563259 /* LinkUtils.swift */,
				1FCC27CF2B6E540F00563259 /* UrlBuilderUtil.swift */,
				1FCC27D12B6E612B00563259 /* ImageExtension.swift */,
				1FCC27D32B6E64D400563259 /* MeasurementsUtil.swift */,
				1FB979832B6F87EE00319C07 /* ColorUtil.swift */,
			);
			path = Utility;
			sourceTree = "<group>";
		};
		1FCC27C72B6E3B6A00563259 /* Network */ = {
			isa = PBXGroup;
			children = (
				1FCC27C82B6E3B8000563259 /* NetworkService.swift */,
			);
			path = Network;
			sourceTree = "<group>";
		};
		1FCC27CA2B6E3D4000563259 /* Repository */ = {
			isa = PBXGroup;
			children = (
				1FCC27CB2B6E3D5900563259 /* PokeRepository.swift */,
			);
			path = Repository;
			sourceTree = "<group>";
		};
/* End PBXGroup section */

/* Begin PBXNativeTarget section */
		1F1C0BAD2B6FA0E40057E392 /* PokiVerseTests */ = {
			isa = PBXNativeTarget;
			buildConfigurationList = 1F1C0BB42B6FA0E40057E392 /* Build configuration list for PBXNativeTarget "PokiVerseTests" */;
			buildPhases = (
				1F1C0BAA2B6FA0E40057E392 /* Sources */,
				1F1C0BAB2B6FA0E40057E392 /* Frameworks */,
				1F1C0BAC2B6FA0E40057E392 /* Resources */,
			);
			buildRules = (
			);
			dependencies = (
				1F1C0BB32B6FA0E40057E392 /* PBXTargetDependency */,
			);
			name = PokiVerseTests;
			productName = PokiVerseTests;
			productReference = 1F1C0BAE2B6FA0E40057E392 /* PokiVerseTests.xctest */;
			productType = "com.apple.product-type.bundle.unit-test";
		};
		1FCC276F2B6E07DC00563259 /* PokéVerse */ = {
			isa = PBXNativeTarget;
			buildConfigurationList = 1FCC27942B6E07DD00563259 /* Build configuration list for PBXNativeTarget "PokéVerse" */;
			buildPhases = (
				1FCC276C2B6E07DC00563259 /* Sources */,
				1FCC276D2B6E07DC00563259 /* Frameworks */,
				1FCC276E2B6E07DC00563259 /* Resources */,
			);
			buildRules = (
			);
			dependencies = (
			);
			name = "PokéVerse";
			productName = "PokéVerse";
			productReference = 1FCC27702B6E07DC00563259 /* PokiVerse.app */;
			productType = "com.apple.product-type.application";
		};
/* End PBXNativeTarget section */

/* Begin PBXProject section */
		1FCC27682B6E07DC00563259 /* Project object */ = {
			isa = PBXProject;
			attributes = {
				BuildIndependentTargetsInParallel = 1;
				LastSwiftUpdateCheck = 1520;
				LastUpgradeCheck = 1520;
				TargetAttributes = {
					1F1C0BAD2B6FA0E40057E392 = {
						CreatedOnToolsVersion = 15.2;
						TestTargetID = 1FCC276F2B6E07DC00563259;
					};
					1FCC276F2B6E07DC00563259 = {
						CreatedOnToolsVersion = 15.2;
					};
				};
			};
			buildConfigurationList = 1FCC276B2B6E07DC00563259 /* Build configuration list for PBXProject "PokéVerse" */;
			compatibilityVersion = "Xcode 14.0";
			developmentRegion = en;
			hasScannedForEncodings = 0;
			knownRegions = (
				en,
				Base,
			);
			mainGroup = 1FCC27672B6E07DC00563259;
			productRefGroup = 1FCC27712B6E07DC00563259 /* Products */;
			projectDirPath = "";
			projectRoot = "";
			targets = (
				1FCC276F2B6E07DC00563259 /* PokéVerse */,
				1F1C0BAD2B6FA0E40057E392 /* PokiVerseTests */,
			);
		};
/* End PBXProject section */

/* Begin PBXResourcesBuildPhase section */
		1F1C0BAC2B6FA0E40057E392 /* Resources */ = {
			isa = PBXResourcesBuildPhase;
			buildActionMask = 2147483647;
			files = (
			);
			runOnlyForDeploymentPostprocessing = 0;
		};
		1FCC276E2B6E07DC00563259 /* Resources */ = {
			isa = PBXResourcesBuildPhase;
			buildActionMask = 2147483647;
			files = (
				1FB979872B6F886A00319C07 /* Colors.xcassets in Resources */,
				1FCC277B2B6E07DD00563259 /* Preview Assets.xcassets in Resources */,
				1FCC27782B6E07DD00563259 /* Assets.xcassets in Resources */,
			);
			runOnlyForDeploymentPostprocessing = 0;
		};
/* End PBXResourcesBuildPhase section */

/* Begin PBXSourcesBuildPhase section */
		1F1C0BAA2B6FA0E40057E392 /* Sources */ = {
			isa = PBXSourcesBuildPhase;
			buildActionMask = 2147483647;
			files = (
				1F1C0BB12B6FA0E40057E392 /* PokiVerseTests.swift in Sources */,
			);
			runOnlyForDeploymentPostprocessing = 0;
		};
		1FCC276C2B6E07DC00563259 /* Sources */ = {
			isa = PBXSourcesBuildPhase;
			buildActionMask = 2147483647;
			files = (
				1FCC27AC2B6E0EC400563259 /* Pokemon.swift in Sources */,
				1FCC27C62B6E267500563259 /* LinkUtils.swift in Sources */,
				1FCC27BC2B6E15CA00563259 /* PokemonDetailView.swift in Sources */,
				1FCC27CC2B6E3D5900563259 /* PokeRepository.swift in Sources */,
				1FCC27762B6E07DC00563259 /* ContentView.swift in Sources */,
				1FCC27BF2B6E177200563259 /* PokemonImageView.swift in Sources */,
				1FCC27D82B6E72A500563259 /* StatView.swift in Sources */,
				1FCC27D02B6E540F00563259 /* UrlBuilderUtil.swift in Sources */,
				1FCC27CE2B6E531700563259 /* PokeNetworkConstants.swift in Sources */,
				1FB979842B6F87EE00319C07 /* ColorUtil.swift in Sources */,
				1FCC27B32B6E115E00563259 /* HomeViewModel.swift in Sources */,
				1FCC27AA2B6E0E9500563259 /* PokemonResults.swift in Sources */,
				1FCC27AE2B6E0F6700563259 /* PokemonDetail.swift in Sources */,
				1FCC27D42B6E64D400563259 /* MeasurementsUtil.swift in Sources */,
				1FCC27C32B6E1EF300563259 /* DetailViewModel.swift in Sources */,
				1FCC27C92B6E3B8000563259 /* NetworkService.swift in Sources */,
				1FCC27742B6E07DC00563259 /* Poke_VerseApp.swift in Sources */,
				1FCC27D22B6E612B00563259 /* ImageExtension.swift in Sources */,
			);
			runOnlyForDeploymentPostprocessing = 0;
		};
/* End PBXSourcesBuildPhase section */

/* Begin PBXTargetDependency section */
		1F1C0BB32B6FA0E40057E392 /* PBXTargetDependency */ = {
			isa = PBXTargetDependency;
			target = 1FCC276F2B6E07DC00563259 /* PokéVerse */;
			targetProxy = 1F1C0BB22B6FA0E40057E392 /* PBXContainerItemProxy */;
		};
/* End PBXTargetDependency section */

/* Begin XCBuildConfiguration section */
		1F1C0BB52B6FA0E40057E392 /* Debug */ = {
			isa = XCBuildConfiguration;
			buildSettings = {
				BUNDLE_LOADER = "$(TEST_HOST)";
				CODE_SIGN_STYLE = Automatic;
				CURRENT_PROJECT_VERSION = 1;
				DEVELOPMENT_TEAM = 2DRKE36XAK;
				GENERATE_INFOPLIST_FILE = YES;
				MARKETING_VERSION = 1.0;
				PRODUCT_BUNDLE_IDENTIFIER = IntelMinds.PokiVerseTests;
				PRODUCT_NAME = "$(TARGET_NAME)";
				SWIFT_EMIT_LOC_STRINGS = NO;
				SWIFT_VERSION = 5.0;
				TARGETED_DEVICE_FAMILY = "1,2";
				TEST_HOST = "$(BUILT_PRODUCTS_DIR)/PokiVerse.app/$(BUNDLE_EXECUTABLE_FOLDER_PATH)/PokiVerse";
			};
			name = Debug;
		};
		1F1C0BB62B6FA0E40057E392 /* Release */ = {
			isa = XCBuildConfiguration;
			buildSettings = {
				BUNDLE_LOADER = "$(TEST_HOST)";
				CODE_SIGN_STYLE = Automatic;
				CURRENT_PROJECT_VERSION = 1;
				DEVELOPMENT_TEAM = 2DRKE36XAK;
				GENERATE_INFOPLIST_FILE = YES;
				MARKETING_VERSION = 1.0;
				PRODUCT_BUNDLE_IDENTIFIER = IntelMinds.PokiVerseTests;
				PRODUCT_NAME = "$(TARGET_NAME)";
				SWIFT_EMIT_LOC_STRINGS = NO;
				SWIFT_VERSION = 5.0;
				TARGETED_DEVICE_FAMILY = "1,2";
				TEST_HOST = "$(BUILT_PRODUCTS_DIR)/PokiVerse.app/$(BUNDLE_EXECUTABLE_FOLDER_PATH)/PokiVerse";
			};
			name = Release;
		};
		1FCC27922B6E07DD00563259 /* Debug */ = {
			isa = XCBuildConfiguration;
			buildSettings = {
				ALWAYS_SEARCH_USER_PATHS = NO;
				ASSETCATALOG_COMPILER_GENERATE_SWIFT_ASSET_SYMBOL_EXTENSIONS = YES;
				CLANG_ANALYZER_NONNULL = YES;
				CLANG_ANALYZER_NUMBER_OBJECT_CONVERSION = YES_AGGRESSIVE;
				CLANG_CXX_LANGUAGE_STANDARD = "gnu++20";
				CLANG_ENABLE_MODULES = YES;
				CLANG_ENABLE_OBJC_ARC = YES;
				CLANG_ENABLE_OBJC_WEAK = YES;
				CLANG_WARN_BLOCK_CAPTURE_AUTORELEASING = YES;
				CLANG_WARN_BOOL_CONVERSION = YES;
				CLANG_WARN_COMMA = YES;
				CLANG_WARN_CONSTANT_CONVERSION = YES;
				CLANG_WARN_DEPRECATED_OBJC_IMPLEMENTATIONS = YES;
				CLANG_WARN_DIRECT_OBJC_ISA_USAGE = YES_ERROR;
				CLANG_WARN_DOCUMENTATION_COMMENTS = YES;
				CLANG_WARN_EMPTY_BODY = YES;
				CLANG_WARN_ENUM_CONVERSION = YES;
				CLANG_WARN_INFINITE_RECURSION = YES;
				CLANG_WARN_INT_CONVERSION = YES;
				CLANG_WARN_NON_LITERAL_NULL_CONVERSION = YES;
				CLANG_WARN_OBJC_IMPLICIT_RETAIN_SELF = YES;
				CLANG_WARN_OBJC_LITERAL_CONVERSION = YES;
				CLANG_WARN_OBJC_ROOT_CLASS = YES_ERROR;
				CLANG_WARN_QUOTED_INCLUDE_IN_FRAMEWORK_HEADER = YES;
				CLANG_WARN_RANGE_LOOP_ANALYSIS = YES;
				CLANG_WARN_STRICT_PROTOTYPES = YES;
				CLANG_WARN_SUSPICIOUS_MOVE = YES;
				CLANG_WARN_UNGUARDED_AVAILABILITY = YES_AGGRESSIVE;
				CLANG_WARN_UNREACHABLE_CODE = YES;
				CLANG_WARN__DUPLICATE_METHOD_MATCH = YES;
				COPY_PHASE_STRIP = NO;
				DEBUG_INFORMATION_FORMAT = dwarf;
				ENABLE_STRICT_OBJC_MSGSEND = YES;
				ENABLE_TESTABILITY = YES;
				ENABLE_USER_SCRIPT_SANDBOXING = YES;
				GCC_C_LANGUAGE_STANDARD = gnu17;
				GCC_DYNAMIC_NO_PIC = NO;
				GCC_NO_COMMON_BLOCKS = YES;
				GCC_OPTIMIZATION_LEVEL = 0;
				GCC_PREPROCESSOR_DEFINITIONS = (
					"DEBUG=1",
					"$(inherited)",
				);
				GCC_WARN_64_TO_32_BIT_CONVERSION = YES;
				GCC_WARN_ABOUT_RETURN_TYPE = YES_ERROR;
				GCC_WARN_UNDECLARED_SELECTOR = YES;
				GCC_WARN_UNINITIALIZED_AUTOS = YES_AGGRESSIVE;
				GCC_WARN_UNUSED_FUNCTION = YES;
				GCC_WARN_UNUSED_VARIABLE = YES;
				IPHONEOS_DEPLOYMENT_TARGET = 17.2;
				LOCALIZATION_PREFERS_STRING_CATALOGS = YES;
				MTL_ENABLE_DEBUG_INFO = INCLUDE_SOURCE;
				MTL_FAST_MATH = YES;
				ONLY_ACTIVE_ARCH = YES;
				SDKROOT = iphoneos;
				SWIFT_ACTIVE_COMPILATION_CONDITIONS = "DEBUG $(inherited)";
				SWIFT_OPTIMIZATION_LEVEL = "-Onone";
			};
			name = Debug;
		};
		1FCC27932B6E07DD00563259 /* Release */ = {
			isa = XCBuildConfiguration;
			buildSettings = {
				ALWAYS_SEARCH_USER_PATHS = NO;
				ASSETCATALOG_COMPILER_GENERATE_SWIFT_ASSET_SYMBOL_EXTENSIONS = YES;
				CLANG_ANALYZER_NONNULL = YES;
				CLANG_ANALYZER_NUMBER_OBJECT_CONVERSION = YES_AGGRESSIVE;
				CLANG_CXX_LANGUAGE_STANDARD = "gnu++20";
				CLANG_ENABLE_MODULES = YES;
				CLANG_ENABLE_OBJC_ARC = YES;
				CLANG_ENABLE_OBJC_WEAK = YES;
				CLANG_WARN_BLOCK_CAPTURE_AUTORELEASING = YES;
				CLANG_WARN_BOOL_CONVERSION = YES;
				CLANG_WARN_COMMA = YES;
				CLANG_WARN_CONSTANT_CONVERSION = YES;
				CLANG_WARN_DEPRECATED_OBJC_IMPLEMENTATIONS = YES;
				CLANG_WARN_DIRECT_OBJC_ISA_USAGE = YES_ERROR;
				CLANG_WARN_DOCUMENTATION_COMMENTS = YES;
				CLANG_WARN_EMPTY_BODY = YES;
				CLANG_WARN_ENUM_CONVERSION = YES;
				CLANG_WARN_INFINITE_RECURSION = YES;
				CLANG_WARN_INT_CONVERSION = YES;
				CLANG_WARN_NON_LITERAL_NULL_CONVERSION = YES;
				CLANG_WARN_OBJC_IMPLICIT_RETAIN_SELF = YES;
				CLANG_WARN_OBJC_LITERAL_CONVERSION = YES;
				CLANG_WARN_OBJC_ROOT_CLASS = YES_ERROR;
				CLANG_WARN_QUOTED_INCLUDE_IN_FRAMEWORK_HEADER = YES;
				CLANG_WARN_RANGE_LOOP_ANALYSIS = YES;
				CLANG_WARN_STRICT_PROTOTYPES = YES;
				CLANG_WARN_SUSPICIOUS_MOVE = YES;
				CLANG_WARN_UNGUARDED_AVAILABILITY = YES_AGGRESSIVE;
				CLANG_WARN_UNREACHABLE_CODE = YES;
				CLANG_WARN__DUPLICATE_METHOD_MATCH = YES;
				COPY_PHASE_STRIP = NO;
				DEBUG_INFORMATION_FORMAT = "dwarf-with-dsym";
				ENABLE_NS_ASSERTIONS = NO;
				ENABLE_STRICT_OBJC_MSGSEND = YES;
				ENABLE_USER_SCRIPT_SANDBOXING = YES;
				GCC_C_LANGUAGE_STANDARD = gnu17;
				GCC_NO_COMMON_BLOCKS = YES;
				GCC_WARN_64_TO_32_BIT_CONVERSION = YES;
				GCC_WARN_ABOUT_RETURN_TYPE = YES_ERROR;
				GCC_WARN_UNDECLARED_SELECTOR = YES;
				GCC_WARN_UNINITIALIZED_AUTOS = YES_AGGRESSIVE;
				GCC_WARN_UNUSED_FUNCTION = YES;
				GCC_WARN_UNUSED_VARIABLE = YES;
				IPHONEOS_DEPLOYMENT_TARGET = 17.2;
				LOCALIZATION_PREFERS_STRING_CATALOGS = YES;
				MTL_ENABLE_DEBUG_INFO = NO;
				MTL_FAST_MATH = YES;
				SDKROOT = iphoneos;
				SWIFT_COMPILATION_MODE = wholemodule;
				VALIDATE_PRODUCT = YES;
			};
			name = Release;
		};
		1FCC27952B6E07DD00563259 /* Debug */ = {
			isa = XCBuildConfiguration;
			buildSettings = {
				ASSETCATALOG_COMPILER_APPICON_NAME = AppIcon;
				ASSETCATALOG_COMPILER_GLOBAL_ACCENT_COLOR_NAME = AccentColor;
				CODE_SIGN_STYLE = Automatic;
				CURRENT_PROJECT_VERSION = 1;
				DEVELOPMENT_ASSET_PATHS = "\"PokéVerse/Preview Content\"";
				DEVELOPMENT_TEAM = 2DRKE36XAK;
				ENABLE_PREVIEWS = YES;
				GENERATE_INFOPLIST_FILE = YES;
				INFOPLIST_KEY_UIApplicationSceneManifest_Generation = YES;
				INFOPLIST_KEY_UIApplicationSupportsIndirectInputEvents = YES;
				INFOPLIST_KEY_UILaunchScreen_Generation = YES;
				INFOPLIST_KEY_UISupportedInterfaceOrientations_iPad = "UIInterfaceOrientationPortrait UIInterfaceOrientationPortraitUpsideDown UIInterfaceOrientationLandscapeLeft UIInterfaceOrientationLandscapeRight";
				INFOPLIST_KEY_UISupportedInterfaceOrientations_iPhone = "UIInterfaceOrientationPortrait UIInterfaceOrientationLandscapeLeft UIInterfaceOrientationLandscapeRight";
				LD_RUNPATH_SEARCH_PATHS = (
					"$(inherited)",
					"@executable_path/Frameworks",
				);
				MARKETING_VERSION = 1.0;
				PRODUCT_BUNDLE_IDENTIFIER = "IntelMinds.Poke-Verse";
				PRODUCT_NAME = PokiVerse;
				SWIFT_EMIT_LOC_STRINGS = YES;
				SWIFT_VERSION = 5.0;
				TARGETED_DEVICE_FAMILY = "1,2";
			};
			name = Debug;
		};
		1FCC27962B6E07DD00563259 /* Release */ = {
			isa = XCBuildConfiguration;
			buildSettings = {
				ASSETCATALOG_COMPILER_APPICON_NAME = AppIcon;
				ASSETCATALOG_COMPILER_GLOBAL_ACCENT_COLOR_NAME = AccentColor;
				CODE_SIGN_STYLE = Automatic;
				CURRENT_PROJECT_VERSION = 1;
				DEVELOPMENT_ASSET_PATHS = "\"PokéVerse/Preview Content\"";
				DEVELOPMENT_TEAM = 2DRKE36XAK;
				ENABLE_PREVIEWS = YES;
				ENABLE_TESTABILITY = NO;
				GENERATE_INFOPLIST_FILE = YES;
				INFOPLIST_KEY_UIApplicationSceneManifest_Generation = YES;
				INFOPLIST_KEY_UIApplicationSupportsIndirectInputEvents = YES;
				INFOPLIST_KEY_UILaunchScreen_Generation = YES;
				INFOPLIST_KEY_UISupportedInterfaceOrientations_iPad = "UIInterfaceOrientationPortrait UIInterfaceOrientationPortraitUpsideDown UIInterfaceOrientationLandscapeLeft UIInterfaceOrientationLandscapeRight";
				INFOPLIST_KEY_UISupportedInterfaceOrientations_iPhone = "UIInterfaceOrientationPortrait UIInterfaceOrientationLandscapeLeft UIInterfaceOrientationLandscapeRight";
				LD_RUNPATH_SEARCH_PATHS = (
					"$(inherited)",
					"@executable_path/Frameworks",
				);
				MARKETING_VERSION = 1.0;
				PRODUCT_BUNDLE_IDENTIFIER = "IntelMinds.Poke-Verse";
				PRODUCT_NAME = PokiVerse;
				SWIFT_EMIT_LOC_STRINGS = YES;
				SWIFT_VERSION = 5.0;
				TARGETED_DEVICE_FAMILY = "1,2";
			};
			name = Release;
		};
/* End XCBuildConfiguration section */

/* Begin XCConfigurationList section */
		1F1C0BB42B6FA0E40057E392 /* Build configuration list for PBXNativeTarget "PokiVerseTests" */ = {
			isa = XCConfigurationList;
			buildConfigurations = (
				1F1C0BB52B6FA0E40057E392 /* Debug */,
				1F1C0BB62B6FA0E40057E392 /* Release */,
			);
			defaultConfigurationIsVisible = 0;
			defaultConfigurationName = Release;
		};
		1FCC276B2B6E07DC00563259 /* Build configuration list for PBXProject "PokéVerse" */ = {
			isa = XCConfigurationList;
			buildConfigurations = (
				1FCC27922B6E07DD00563259 /* Debug */,
				1FCC27932B6E07DD00563259 /* Release */,
			);
			defaultConfigurationIsVisible = 0;
			defaultConfigurationName = Release;
		};
		1FCC27942B6E07DD00563259 /* Build configuration list for PBXNativeTarget "PokéVerse" */ = {
			isa = XCConfigurationList;
			buildConfigurations = (
				1FCC27952B6E07DD00563259 /* Debug */,
				1FCC27962B6E07DD00563259 /* Release */,
			);
			defaultConfigurationIsVisible = 0;
			defaultConfigurationName = Release;
		};
/* End XCConfigurationList section */
	};
	rootObject = 1FCC27682B6E07DC00563259 /* Project object */;
}
